
Microsoft Visual Studio Solution File, Format Version 12.00
# Visual Studio Version 17
VisualStudioVersion = 17.11.35327.3
MinimumVisualStudioVersion = 10.0.40219.1
Project("{FAE04EC0-301F-11D3-BF4B-00C04F79EFBC}") = "TogetherCultureCRM", "TogetherCultureCRM\TogetherCultureCRM.csproj", "{4EFD257E-FD8D-4102-9086-1BB45D7EEB30}"
EndProject
Global
	GlobalSection(SolutionConfigurationPlatforms) = preSolution
		Debug|Any CPU = Debug|Any CPU
		Release|Any CPU = Release|Any CPU
	EndGlobalSection
	GlobalSection(ProjectConfigurationPlatforms) = postSolution
		{4EFD257E-FD8D-4102-9086-1BB45D7EEB30}.Debug|Any CPU.ActiveCfg = Debug|Any CPU
		{4EFD257E-FD8D-4102-9086-1BB45D7EEB30}.Debug|Any CPU.Build.0 = Debug|Any CPU
		{4EFD257E-FD8D-4102-9086-1BB45D7EEB30}.Release|Any CPU.ActiveCfg = Release|Any CPU
		{4EFD257E-FD8D-4102-9086-1BB45D7EEB30}.Release|Any CPU.Build.0 = Release|Any CPU
	EndGlobalSection
	GlobalSection(SolutionProperties) = preSolution
		HideSolutionNode = FALSE
	EndGlobalSection
	GlobalSection(ExtensibilityGlobals) = postSolution
		SolutionGuid = {C5EDA380-FF2D-48EF-B97A-D7ABA64D3341}
	EndGlobalSection
EndGlobal
